github.com/confluentinc/confluent-kafka-go v1.5.2 h1:l+qt+a0Okmq0Bdr1P55IX4fiwFJyg0lZQmfHkAFkv7E=
github.com/confluentinc/confluent-kafka-go v1.5.2/go.mod h1:u2zNLny2xq+5rWeTQjFHbDzzNuba4P1vo31r9r4uAdg=
github.com/go-yaml/yaml v2.1.0+incompatible h1:RYi2hDdss1u4YE7GwixGzWwVo47T8UQwnTLB6vQiq+o=
github.com/go-yaml/yaml v2.1.0+incompatible/go.mod h1:w2MrLa16VYP0jy6N7M5kHaCkaLENm+P+Tv+MfurjSw0=
github.com/mofax/iso8583 v0.0.0-20180221163034-b7d818f6d7eb h1:C9fBgNbp21c3r1uhPGk8XngANPae0hDbjWJkqbnYoh8=
github.com/mofax/iso8583 v0.0.0-20180221163034-b7d818f6d7eb/go.mod h1:miE6UQLUc3C2+Z7LN+4i9LfKjXBgGH1xAYRZKzyr93I=
gopkg.in/confluentinc/confluent-kafka-go.v1 v1.5.2 h1:g0WBLy6fobNUU8W/e9zx6I0Yl79Ya+BDW1NwzAlTiiQ=
gopkg.in/confluentinc/confluent-kafka-go.v1 v1.5.2/go.mod h1:ZdI3yfYmdNSLQPNCpO1y00EHyWaHG5EnQEyL/ntAegY=
